
Microsoft Visual Studio Solution File, Format Version 12.00
# Visual Studio Version 16
VisualStudioVersion = 16.0.30804.86
MinimumVisualStudioVersion = 10.0.40219.1
Project("{FAE04EC0-301F-11D3-BF4B-00C04F79EFBC}") = "RemoveWhiteSpace", "RemoveWhiteSpace\RemoveWhiteSpace.csproj", "{650A16F5-699E-4B9D-9074-04E838206FB5}"
EndProject
Global
	GlobalSection(SolutionConfigurationPlatforms) = preSolution
		Debug|Any CPU = Debug|Any CPU
		Release|Any CPU = Release|Any CPU
	EndGlobalSection
	GlobalSection(ProjectConfigurationPlatforms) = postSolution
		{650A16F5-699E-4B9D-9074-04E838206FB5}.Debug|Any CPU.ActiveCfg = Debug|Any CPU
		{650A16F5-699E-4B9D-9074-04E838206FB5}.Debug|Any CPU.Build.0 = Debug|Any CPU
		{650A16F5-699E-4B9D-9074-04E838206FB5}.Release|Any CPU.ActiveCfg = Release|Any CPU
		{650A16F5-699E-4B9D-9074-04E838206FB5}.Release|Any CPU.Build.0 = Release|Any CPU
	EndGlobalSection
	GlobalSection(SolutionProperties) = preSolution
		HideSolutionNode = FALSE
	EndGlobalSection
	GlobalSection(ExtensibilityGlobals) = postSolution
		SolutionGuid = {1D918239-678C-4F27-B311-1D141666304F}
	EndGlobalSection
EndGlobal
